
Microsoft Visual Studio Solution File, Format Version 12.00
# Visual Studio 15
VisualStudioVersion = 15.0.27703.2026
MinimumVisualStudioVersion = 10.0.40219.1
Project("{FAE04EC0-301F-11D3-BF4B-00C04F79EFBC}") = "ExtStorageTrans", "ExtFileCopy\ExtStorageTrans.csproj", "{0FE6A859-34E6-4930-93C7-F680FAA5307E}"
EndProject
Global
	GlobalSection(SolutionConfigurationPlatforms) = preSolution
		Debug|Any CPU = Debug|Any CPU
		Release|Any CPU = Release|Any CPU
	EndGlobalSection
	GlobalSection(ProjectConfigurationPlatforms) = postSolution
		{0FE6A859-34E6-4930-93C7-F680FAA5307E}.Debug|Any CPU.ActiveCfg = Debug|Any CPU
		{0FE6A859-34E6-4930-93C7-F680FAA5307E}.Debug|Any CPU.Build.0 = Debug|Any CPU
		{0FE6A859-34E6-4930-93C7-F680FAA5307E}.Release|Any CPU.ActiveCfg = Release|Any CPU
		{0FE6A859-34E6-4930-93C7-F680FAA5307E}.Release|Any CPU.Build.0 = Release|Any CPU
	EndGlobalSection
	GlobalSection(SolutionProperties) = preSolution
		HideSolutionNode = FALSE
	EndGlobalSection
	GlobalSection(ExtensibilityGlobals) = postSolution
		SolutionGuid = {1E5D6D0D-6C41-49E7-8D29-5D77BA58B3DC}
	EndGlobalSection
EndGlobal
